// !$*UTF8*$!
{
	archiveVersion = 1;
	classes = {
	};
	objectVersion = 46;
	objects = {

/* Begin PBXBuildFile section */
		15420ABD158ED1F1008393D2 /* BLReader.m in Sources */ = {isa = PBXBuildFile; fileRef = 15420ABC158ED1F1008393D2 /* BLReader.m */; };
		158A1AF81484A2DB009A5CA4 /* UIKit.framework in Frameworks */ = {isa = PBXBuildFile; fileRef = 158A1AF71484A2DB009A5CA4 /* UIKit.framework */; };
		158A1AFA1484A2DB009A5CA4 /* Foundation.framework in Frameworks */ = {isa = PBXBuildFile; fileRef = 158A1AF91484A2DB009A5CA4 /* Foundation.framework */; };
		158A1AFC1484A2DB009A5CA4 /* CoreGraphics.framework in Frameworks */ = {isa = PBXBuildFile; fileRef = 158A1AFB1484A2DB009A5CA4 /* CoreGraphics.framework */; };
		158A1B021484A2DB009A5CA4 /* InfoPlist.strings in Resources */ = {isa = PBXBuildFile; fileRef = 158A1B001484A2DB009A5CA4 /* InfoPlist.strings */; };
		158A1B041484A2DC009A5CA4 /* main.m in Sources */ = {isa = PBXBuildFile; fileRef = 158A1B031484A2DB009A5CA4 /* main.m */; };
		158A1B081484A2DC009A5CA4 /* BLAppDelegate.m in Sources */ = {isa = PBXBuildFile; fileRef = 158A1B071484A2DC009A5CA4 /* BLAppDelegate.m */; };
		158A1B0B1484A2DC009A5CA4 /* BLViewController.m in Sources */ = {isa = PBXBuildFile; fileRef = 158A1B0A1484A2DC009A5CA4 /* BLViewController.m */; };
		158A1B0E1484A2DC009A5CA4 /* BLViewController_iPhone.xib in Resources */ = {isa = PBXBuildFile; fileRef = 158A1B0C1484A2DC009A5CA4 /* BLViewController_iPhone.xib */; };
		158A1B111484A2DC009A5CA4 /* BLViewController_iPad.xib in Resources */ = {isa = PBXBuildFile; fileRef = 158A1B0F1484A2DC009A5CA4 /* BLViewController_iPad.xib */; };
		158A1B271484A4B3009A5CA4 /* librmi.a in Frameworks */ = {isa = PBXBuildFile; fileRef = 158A1B241484A467009A5CA4 /* librmi.a */; };
		158A1B2E1484A7C1009A5CA4 /* CFNetwork.framework in Frameworks */ = {isa = PBXBuildFile; fileRef = 158A1B2D1484A7C1009A5CA4 /* CFNetwork.framework */; };
		158A1B341484AC8E009A5CA4 /* BLEngine.m in Sources */ = {isa = PBXBuildFile; fileRef = 158A1B331484AC8E009A5CA4 /* BLEngine.m */; };
		158A1B371484AEC7009A5CA4 /* BLCons.m in Sources */ = {isa = PBXBuildFile; fileRef = 158A1B361484AEC7009A5CA4 /* BLCons.m */; };
		15BF851515885030008EE49E /* Pass-To-Bijoux.workflow in Resources */ = {isa = PBXBuildFile; fileRef = 15BF851415885030008EE49E /* Pass-To-Bijoux.workflow */; };
		15BF851715885047008EE49E /* README in Resources */ = {isa = PBXBuildFile; fileRef = 15BF851615885047008EE49E /* README */; };
		15BF851A15885352008EE49E /* BLSymbolTable.m in Sources */ = {isa = PBXBuildFile; fileRef = 15BF851915885352008EE49E /* BLSymbolTable.m */; };
		15BF851D1589A271008EE49E /* BLSymbol.m in Sources */ = {isa = PBXBuildFile; fileRef = 15BF851C1589A271008EE49E /* BLSymbol.m */; };
		15D782E8157D6D1500E204BC /* BLLambda.m in Sources */ = {isa = PBXBuildFile; fileRef = 15D782E7157D6D1500E204BC /* BLLambda.m */; };
		15EA79CF158ADF8D00DA326C /* BLEnvironment.m in Sources */ = {isa = PBXBuildFile; fileRef = 15EA79CE158ADF8D00DA326C /* BLEnvironment.m */; };
/* End PBXBuildFile section */

/* Begin PBXContainerItemProxy section */
		158A1B211484A467009A5CA4 /* PBXContainerItemProxy */ = {
			isa = PBXContainerItemProxy;
			containerPortal = 158A1B181484A467009A5CA4 /* rmi.xcodeproj */;
			proxyType = 2;
			remoteGlobalIDString = 1D6058910D05DD3D006BFB54;
			remoteInfo = "rmi-test";
		};
		158A1B231484A467009A5CA4 /* PBXContainerItemProxy */ = {
			isa = PBXContainerItemProxy;
			containerPortal = 158A1B181484A467009A5CA4 /* rmi.xcodeproj */;
			proxyType = 2;
			remoteGlobalIDString = 15B964E213898CC00026141E;
			remoteInfo = rmi;
		};
		158A1B251484A4AB009A5CA4 /* PBXContainerItemProxy */ = {
			isa = PBXContainerItemProxy;
			containerPortal = 158A1B181484A467009A5CA4 /* rmi.xcodeproj */;
			proxyType = 1;
			remoteGlobalIDString = 15B964E113898CC00026141E;
			remoteInfo = rmi;
		};
/* End PBXContainerItemProxy section */

/* Begin PBXFileReference section */
		15420ABB158ED1F1008393D2 /* BLReader.h */ = {isa = PBXFileReference; fileEncoding = 4; lastKnownFileType = sourcecode.c.h; path = BLReader.h; sourceTree = "<group>"; };
		15420ABC158ED1F1008393D2 /* BLReader.m */ = {isa = PBXFileReference; fileEncoding = 4; lastKnownFileType = sourcecode.c.objc; path = BLReader.m; sourceTree = "<group>"; };
		158A1AF31484A2DB009A5CA4 /* bijoux-lisp.app */ = {isa = PBXFileReference; explicitFileType = wrapper.application; includeInIndex = 0; path = "bijoux-lisp.app"; sourceTree = BUILT_PRODUCTS_DIR; };
		158A1AF71484A2DB009A5CA4 /* UIKit.framework */ = {isa = PBXFileReference; lastKnownFileType = wrapper.framework; name = UIKit.framework; path = System/Library/Frameworks/UIKit.framework; sourceTree = SDKROOT; };
		158A1AF91484A2DB009A5CA4 /* Foundation.framework */ = {isa = PBXFileReference; lastKnownFileType = wrapper.framework; name = Foundation.framework; path = System/Library/Frameworks/Foundation.framework; sourceTree = SDKROOT; };
		158A1AFB1484A2DB009A5CA4 /* CoreGraphics.framework */ = {isa = PBXFileReference; lastKnownFileType = wrapper.framework; name = CoreGraphics.framework; path = System/Library/Frameworks/CoreGraphics.framework; sourceTree = SDKROOT; };
		158A1AFF1484A2DB009A5CA4 /* bijoux-lisp-Info.plist */ = {isa = PBXFileReference; lastKnownFileType = text.plist.xml; path = "bijoux-lisp-Info.plist"; sourceTree = "<group>"; };
		158A1B011484A2DB009A5CA4 /* en */ = {isa = PBXFileReference; lastKnownFileType = text.plist.strings; name = en; path = en.lproj/InfoPlist.strings; sourceTree = "<group>"; };
		158A1B031484A2DB009A5CA4 /* main.m */ = {isa = PBXFileReference; lastKnownFileType = sourcecode.c.objc; path = main.m; sourceTree = "<group>"; };
		158A1B051484A2DC009A5CA4 /* bijoux-lisp-Prefix.pch */ = {isa = PBXFileReference; lastKnownFileType = sourcecode.c.h; path = "bijoux-lisp-Prefix.pch"; sourceTree = "<group>"; };
		158A1B061484A2DC009A5CA4 /* BLAppDelegate.h */ = {isa = PBXFileReference; lastKnownFileType = sourcecode.c.h; path = BLAppDelegate.h; sourceTree = "<group>"; };
		158A1B071484A2DC009A5CA4 /* BLAppDelegate.m */ = {isa = PBXFileReference; lastKnownFileType = sourcecode.c.objc; path = BLAppDelegate.m; sourceTree = "<group>"; };
		158A1B091484A2DC009A5CA4 /* BLViewController.h */ = {isa = PBXFileReference; lastKnownFileType = sourcecode.c.h; path = BLViewController.h; sourceTree = "<group>"; };
		158A1B0A1484A2DC009A5CA4 /* BLViewController.m */ = {isa = PBXFileReference; lastKnownFileType = sourcecode.c.objc; path = BLViewController.m; sourceTree = "<group>"; };
		158A1B0D1484A2DC009A5CA4 /* en */ = {isa = PBXFileReference; lastKnownFileType = file.xib; name = en; path = en.lproj/BLViewController_iPhone.xib; sourceTree = "<group>"; };
		158A1B101484A2DC009A5CA4 /* en */ = {isa = PBXFileReference; lastKnownFileType = file.xib; name = en; path = en.lproj/BLViewController_iPad.xib; sourceTree = "<group>"; };
		158A1B181484A467009A5CA4 /* rmi.xcodeproj */ = {isa = PBXFileReference; lastKnownFileType = "wrapper.pb-project"; name = rmi.xcodeproj; path = lib/rmi/rmi.xcodeproj; sourceTree = "<group>"; };
		158A1B2D1484A7C1009A5CA4 /* CFNetwork.framework */ = {isa = PBXFileReference; lastKnownFileType = wrapper.framework; name = CFNetwork.framework; path = System/Library/Frameworks/CFNetwork.framework; sourceTree = SDKROOT; };
		158A1B321484AC8E009A5CA4 /* BLEngine.h */ = {isa = PBXFileReference; fileEncoding = 4; lastKnownFileType = sourcecode.c.h; path = BLEngine.h; sourceTree = "<group>"; };
		158A1B331484AC8E009A5CA4 /* BLEngine.m */ = {isa = PBXFileReference; fileEncoding = 4; lastKnownFileType = sourcecode.c.objc; path = BLEngine.m; sourceTree = "<group>"; };
		158A1B351484AEC7009A5CA4 /* BLCons.h */ = {isa = PBXFileReference; fileEncoding = 4; lastKnownFileType = sourcecode.c.h; path = BLCons.h; sourceTree = "<group>"; };
		158A1B361484AEC7009A5CA4 /* BLCons.m */ = {isa = PBXFileReference; fileEncoding = 4; lastKnownFileType = sourcecode.c.objc; path = BLCons.m; sourceTree = "<group>"; };
		15BF851415885030008EE49E /* Pass-To-Bijoux.workflow */ = {isa = PBXFileReference; lastKnownFileType = wrapper; path = "Pass-To-Bijoux.workflow"; sourceTree = "<group>"; };
		15BF851615885047008EE49E /* README */ = {isa = PBXFileReference; fileEncoding = 4; lastKnownFileType = text; path = README; sourceTree = "<group>"; };
		15BF851815885352008EE49E /* BLSymbolTable.h */ = {isa = PBXFileReference; fileEncoding = 4; lastKnownFileType = sourcecode.c.h; path = BLSymbolTable.h; sourceTree = "<group>"; };
		15BF851915885352008EE49E /* BLSymbolTable.m */ = {isa = PBXFileReference; fileEncoding = 4; lastKnownFileType = sourcecode.c.objc; path = BLSymbolTable.m; sourceTree = "<group>"; };
		15BF851B1589A271008EE49E /* BLSymbol.h */ = {isa = PBXFileReference; fileEncoding = 4; lastKnownFileType = sourcecode.c.h; path = BLSymbol.h; sourceTree = "<group>"; };
		15BF851C1589A271008EE49E /* BLSymbol.m */ = {isa = PBXFileReference; fileEncoding = 4; lastKnownFileType = sourcecode.c.objc; path = BLSymbol.m; sourceTree = "<group>"; };
		15D782E6157D6D1500E204BC /* BLLambda.h */ = {isa = PBXFileReference; fileEncoding = 4; lastKnownFileType = sourcecode.c.h; path = BLLambda.h; sourceTree = "<group>"; };
		15D782E7157D6D1500E204BC /* BLLambda.m */ = {isa = PBXFileReference; fileEncoding = 4; lastKnownFileType = sourcecode.c.objc; path = BLLambda.m; sourceTree = "<group>"; };
		15EA79CD158ADF8D00DA326C /* BLEnvironment.h */ = {isa = PBXFileReference; fileEncoding = 4; lastKnownFileType = sourcecode.c.h; path = BLEnvironment.h; sourceTree = "<group>"; };
		15EA79CE158ADF8D00DA326C /* BLEnvironment.m */ = {isa = PBXFileReference; fileEncoding = 4; lastKnownFileType = sourcecode.c.objc; path = BLEnvironment.m; sourceTree = "<group>"; };
/* End PBXFileReference section */

/* Begin PBXFrameworksBuildPhase section */
		158A1AF01484A2DB009A5CA4 /* Frameworks */ = {
			isa = PBXFrameworksBuildPhase;
			buildActionMask = 2147483647;
			files = (
				158A1B2E1484A7C1009A5CA4 /* CFNetwork.framework in Frameworks */,
				158A1B271484A4B3009A5CA4 /* librmi.a in Frameworks */,
				158A1AF81484A2DB009A5CA4 /* UIKit.framework in Frameworks */,
				158A1AFA1484A2DB009A5CA4 /* Foundation.framework in Frameworks */,
				158A1AFC1484A2DB009A5CA4 /* CoreGraphics.framework in Frameworks */,
			);
			runOnlyForDeploymentPostprocessing = 0;
		};
/* End PBXFrameworksBuildPhase section */

/* Begin PBXGroup section */
		158A1AE81484A2DB009A5CA4 = {
			isa = PBXGroup;
			children = (
				15BF851615885047008EE49E /* README */,
				158A1AFD1484A2DB009A5CA4 /* bijoux-lisp */,
				15BF851315884FEE008EE49E /* Resources */,
				158A1B171484A444009A5CA4 /* lib */,
				158A1AF61484A2DB009A5CA4 /* Frameworks */,
				158A1AF41484A2DB009A5CA4 /* Products */,
			);
			sourceTree = "<group>";
		};
		158A1AF41484A2DB009A5CA4 /* Products */ = {
			isa = PBXGroup;
			children = (
				158A1AF31484A2DB009A5CA4 /* bijoux-lisp.app */,
			);
			name = Products;
			sourceTree = "<group>";
		};
		158A1AF61484A2DB009A5CA4 /* Frameworks */ = {
			isa = PBXGroup;
			children = (
				158A1B2D1484A7C1009A5CA4 /* CFNetwork.framework */,
				158A1AF71484A2DB009A5CA4 /* UIKit.framework */,
				158A1AF91484A2DB009A5CA4 /* Foundation.framework */,
				158A1AFB1484A2DB009A5CA4 /* CoreGraphics.framework */,
			);
			name = Frameworks;
			sourceTree = "<group>";
		};
		158A1AFD1484A2DB009A5CA4 /* bijoux-lisp */ = {
			isa = PBXGroup;
			children = (
				158A1B061484A2DC009A5CA4 /* BLAppDelegate.h */,
				158A1B071484A2DC009A5CA4 /* BLAppDelegate.m */,
				158A1B351484AEC7009A5CA4 /* BLCons.h */,
				158A1B361484AEC7009A5CA4 /* BLCons.m */,
				158A1B321484AC8E009A5CA4 /* BLEngine.h */,
				158A1B331484AC8E009A5CA4 /* BLEngine.m */,
				15EA79CD158ADF8D00DA326C /* BLEnvironment.h */,
				15EA79CE158ADF8D00DA326C /* BLEnvironment.m */,
				15D782E6157D6D1500E204BC /* BLLambda.h */,
				15D782E7157D6D1500E204BC /* BLLambda.m */,
				15420ABB158ED1F1008393D2 /* BLReader.h */,
				15420ABC158ED1F1008393D2 /* BLReader.m */,
				15BF851B1589A271008EE49E /* BLSymbol.h */,
				15BF851C1589A271008EE49E /* BLSymbol.m */,
				15BF851815885352008EE49E /* BLSymbolTable.h */,
				15BF851915885352008EE49E /* BLSymbolTable.m */,
				158A1B091484A2DC009A5CA4 /* BLViewController.h */,
				158A1B0A1484A2DC009A5CA4 /* BLViewController.m */,
				158A1B0C1484A2DC009A5CA4 /* BLViewController_iPhone.xib */,
				158A1B0F1484A2DC009A5CA4 /* BLViewController_iPad.xib */,
				158A1AFE1484A2DB009A5CA4 /* Supporting Files */,
			);
			path = "bijoux-lisp";
			sourceTree = "<group>";
		};
		158A1AFE1484A2DB009A5CA4 /* Supporting Files */ = {
			isa = PBXGroup;
			children = (
				158A1AFF1484A2DB009A5CA4 /* bijoux-lisp-Info.plist */,
				158A1B001484A2DB009A5CA4 /* InfoPlist.strings */,
				158A1B031484A2DB009A5CA4 /* main.m */,
				158A1B051484A2DC009A5CA4 /* bijoux-lisp-Prefix.pch */,
			);
			name = "Supporting Files";
			sourceTree = "<group>";
		};
		158A1B171484A444009A5CA4 /* lib */ = {
			isa = PBXGroup;
			children = (
				158A1B181484A467009A5CA4 /* rmi.xcodeproj */,
			);
			name = lib;
			sourceTree = "<group>";
		};
		158A1B191484A467009A5CA4 /* Products */ = {
			isa = PBXGroup;
			children = (
				158A1B221484A467009A5CA4 /* rmi.app */,
				158A1B241484A467009A5CA4 /* librmi.a */,
			);
			name = Products;
			sourceTree = "<group>";
		};
		15BF851315884FEE008EE49E /* Resources */ = {
			isa = PBXGroup;
			children = (
				15BF851415885030008EE49E /* Pass-To-Bijoux.workflow */,
			);
			path = Resources;
			sourceTree = "<group>";
		};
/* End PBXGroup section */

/* Begin PBXNativeTarget section */
		158A1AF21484A2DB009A5CA4 /* bijoux-lisp */ = {
			isa = PBXNativeTarget;
			buildConfigurationList = 158A1B141484A2DC009A5CA4 /* Build configuration list for PBXNativeTarget "bijoux-lisp" */;
			buildPhases = (
				158A1AEF1484A2DB009A5CA4 /* Sources */,
				158A1AF01484A2DB009A5CA4 /* Frameworks */,
				158A1AF11484A2DB009A5CA4 /* Resources */,
			);
			buildRules = (
			);
			dependencies = (
				158A1B261484A4AB009A5CA4 /* PBXTargetDependency */,
			);
			name = "bijoux-lisp";
			productName = "bijoux-lisp";
			productReference = 158A1AF31484A2DB009A5CA4 /* bijoux-lisp.app */;
			productType = "com.apple.product-type.application";
		};
/* End PBXNativeTarget section */

/* Begin PBXProject section */
		158A1AEA1484A2DB009A5CA4 /* Project object */ = {
			isa = PBXProject;
			attributes = {
				LastUpgradeCheck = 0420;
				ORGANIZATIONNAME = "Soma Creates";
			};
			buildConfigurationList = 158A1AED1484A2DB009A5CA4 /* Build configuration list for PBXProject "bijoux-lisp" */;
			compatibilityVersion = "Xcode 3.2";
			developmentRegion = English;
			hasScannedForEncodings = 0;
			knownRegions = (
				en,
			);
			mainGroup = 158A1AE81484A2DB009A5CA4;
			productRefGroup = 158A1AF41484A2DB009A5CA4 /* Products */;
			projectDirPath = "";
			projectReferences = (
				{
					ProductGroup = 158A1B191484A467009A5CA4 /* Products */;
					ProjectRef = 158A1B181484A467009A5CA4 /* rmi.xcodeproj */;
				},
			);
			projectRoot = "";
			targets = (
				158A1AF21484A2DB009A5CA4 /* bijoux-lisp */,
			);
		};
/* End PBXProject section */

/* Begin PBXReferenceProxy section */
		158A1B221484A467009A5CA4 /* rmi.app */ = {
			isa = PBXReferenceProxy;
			fileType = wrapper.application;
			path = rmi.app;
			remoteRef = 158A1B211484A467009A5CA4 /* PBXContainerItemProxy */;
			sourceTree = BUILT_PRODUCTS_DIR;
		};
		158A1B241484A467009A5CA4 /* librmi.a */ = {
			isa = PBXReferenceProxy;
			fileType = archive.ar;
			path = librmi.a;
			remoteRef = 158A1B231484A467009A5CA4 /* PBXContainerItemProxy */;
			sourceTree = BUILT_PRODUCTS_DIR;
		};
/* End PBXReferenceProxy section */

/* Begin PBXResourcesBuildPhase section */
		158A1AF11484A2DB009A5CA4 /* Resources */ = {
			isa = PBXResourcesBuildPhase;
			buildActionMask = 2147483647;
			files = (
				158A1B021484A2DB009A5CA4 /* InfoPlist.strings in Resources */,
				158A1B0E1484A2DC009A5CA4 /* BLViewController_iPhone.xib in Resources */,
				158A1B111484A2DC009A5CA4 /* BLViewController_iPad.xib in Resources */,
				15BF851515885030008EE49E /* Pass-To-Bijoux.workflow in Resources */,
				15BF851715885047008EE49E /* README in Resources */,
			);
			runOnlyForDeploymentPostprocessing = 0;
		};
/* End PBXResourcesBuildPhase section */

/* Begin PBXSourcesBuildPhase section */
		158A1AEF1484A2DB009A5CA4 /* Sources */ = {
			isa = PBXSourcesBuildPhase;
			buildActionMask = 2147483647;
			files = (
				158A1B041484A2DC009A5CA4 /* main.m in Sources */,
				158A1B081484A2DC009A5CA4 /* BLAppDelegate.m in Sources */,
				158A1B0B1484A2DC009A5CA4 /* BLViewController.m in Sources */,
				158A1B341484AC8E009A5CA4 /* BLEngine.m in Sources */,
				158A1B371484AEC7009A5CA4 /* BLCons.m in Sources */,
				15D782E8157D6D1500E204BC /* BLLambda.m in Sources */,
				15BF851A15885352008EE49E /* BLSymbolTable.m in Sources */,
				15BF851D1589A271008EE49E /* BLSymbol.m in Sources */,
				15EA79CF158ADF8D00DA326C /* BLEnvironment.m in Sources */,
				15420ABD158ED1F1008393D2 /* BLReader.m in Sources */,
			);
			runOnlyForDeploymentPostprocessing = 0;
		};
/* End PBXSourcesBuildPhase section */

/* Begin PBXTargetDependency section */
		158A1B261484A4AB009A5CA4 /* PBXTargetDependency */ = {
			isa = PBXTargetDependency;
			name = rmi;
			targetProxy = 158A1B251484A4AB009A5CA4 /* PBXContainerItemProxy */;
		};
/* End PBXTargetDependency section */

/* Begin PBXVariantGroup section */
		158A1B001484A2DB009A5CA4 /* InfoPlist.strings */ = {
			isa = PBXVariantGroup;
			children = (
				158A1B011484A2DB009A5CA4 /* en */,
			);
			name = InfoPlist.strings;
			sourceTree = "<group>";
		};
		158A1B0C1484A2DC009A5CA4 /* BLViewController_iPhone.xib */ = {
			isa = PBXVariantGroup;
			children = (
				158A1B0D1484A2DC009A5CA4 /* en */,
			);
			name = BLViewController_iPhone.xib;
			sourceTree = "<group>";
		};
		158A1B0F1484A2DC009A5CA4 /* BLViewController_iPad.xib */ = {
			isa = PBXVariantGroup;
			children = (
				158A1B101484A2DC009A5CA4 /* en */,
			);
			name = BLViewController_iPad.xib;
			sourceTree = "<group>";
		};
/* End PBXVariantGroup section */

/* Begin XCBuildConfiguration section */
		158A1B121484A2DC009A5CA4 /* Debug */ = {
			isa = XCBuildConfiguration;
			buildSettings = {
				ALWAYS_SEARCH_USER_PATHS = YES;
				ARCHS = "$(ARCHS_STANDARD_32_BIT)";
				CLANG_ENABLE_OBJC_ARC = YES;
				"CODE_SIGN_IDENTITY[sdk=iphoneos*]" = "iPhone Developer";
				COPY_PHASE_STRIP = NO;
				GCC_C_LANGUAGE_STANDARD = gnu99;
				GCC_DYNAMIC_NO_PIC = NO;
				GCC_OPTIMIZATION_LEVEL = 0;
				GCC_PREPROCESSOR_DEFINITIONS = (
					"DEBUG=1",
					"$(inherited)",
				);
				GCC_SYMBOLS_PRIVATE_EXTERN = NO;
				GCC_VERSION = com.apple.compilers.llvm.clang.1_0;
				GCC_WARN_ABOUT_MISSING_PROTOTYPES = YES;
				GCC_WARN_ABOUT_RETURN_TYPE = YES;
				GCC_WARN_UNUSED_VARIABLE = YES;
				IPHONEOS_DEPLOYMENT_TARGET = 5.0;
				SDKROOT = iphoneos;
				TARGETED_DEVICE_FAMILY = "1,2";
				USER_HEADER_SEARCH_PATHS = "./lib/**";
			};
			name = Debug;
		};
		158A1B131484A2DC009A5CA4 /* Release */ = {
			isa = XCBuildConfiguration;
			buildSettings = {
				ALWAYS_SEARCH_USER_PATHS = YES;
				ARCHS = "$(ARCHS_STANDARD_32_BIT)";
				CLANG_ENABLE_OBJC_ARC = YES;
				"CODE_SIGN_IDENTITY[sdk=iphoneos*]" = "iPhone Developer";
				COPY_PHASE_STRIP = YES;
				GCC_C_LANGUAGE_STANDARD = gnu99;
				GCC_VERSION = com.apple.compilers.llvm.clang.1_0;
				GCC_WARN_ABOUT_MISSING_PROTOTYPES = YES;
				GCC_WARN_ABOUT_RETURN_TYPE = YES;
				GCC_WARN_UNUSED_VARIABLE = YES;
				IPHONEOS_DEPLOYMENT_TARGET = 5.0;
				OTHER_CFLAGS = "-DNS_BLOCK_ASSERTIONS=1";
				SDKROOT = iphoneos;
				TARGETED_DEVICE_FAMILY = "1,2";
				USER_HEADER_SEARCH_PATHS = "./lib/**";
				VALIDATE_PRODUCT = YES;
			};
			name = Release;
		};
		158A1B151484A2DC009A5CA4 /* Debug */ = {
			isa = XCBuildConfiguration;
			buildSettings = {
				GCC_PRECOMPILE_PREFIX_HEADER = YES;
				GCC_PREFIX_HEADER = "bijoux-lisp/bijoux-lisp-Prefix.pch";
				INFOPLIST_FILE = "bijoux-lisp/bijoux-lisp-Info.plist";
				PRODUCT_NAME = "$(TARGET_NAME)";
				WRAPPER_EXTENSION = app;
			};
			name = Debug;
		};
		158A1B161484A2DC009A5CA4 /* Release */ = {
			isa = XCBuildConfiguration;
			buildSettings = {
				GCC_PRECOMPILE_PREFIX_HEADER = YES;
				GCC_PREFIX_HEADER = "bijoux-lisp/bijoux-lisp-Prefix.pch";
				INFOPLIST_FILE = "bijoux-lisp/bijoux-lisp-Info.plist";
				PRODUCT_NAME = "$(TARGET_NAME)";
				WRAPPER_EXTENSION = app;
			};
			name = Release;
		};
/* End XCBuildConfiguration section */

/* Begin XCConfigurationList section */
		158A1AED1484A2DB009A5CA4 /* Build configuration list for PBXProject "bijoux-lisp" */ = {
			isa = XCConfigurationList;
			buildConfigurations = (
				158A1B121484A2DC009A5CA4 /* Debug */,
				158A1B131484A2DC009A5CA4 /* Release */,
			);
			defaultConfigurationIsVisible = 0;
			defaultConfigurationName = Release;
		};
		158A1B141484A2DC009A5CA4 /* Build configuration list for PBXNativeTarget "bijoux-lisp" */ = {
			isa = XCConfigurationList;
			buildConfigurations = (
				158A1B151484A2DC009A5CA4 /* Debug */,
				158A1B161484A2DC009A5CA4 /* Release */,
			);
			defaultConfigurationIsVisible = 0;
			defaultConfigurationName = Release;
		};
/* End XCConfigurationList section */
	};
	rootObject = 158A1AEA1484A2DB009A5CA4 /* Project object */;
}
